
Microsoft Visual Studio Solution File, Format Version 12.00
# Visual Studio Version 16
VisualStudioVersion = 16.0.29409.12
MinimumVisualStudioVersion = 10.0.40219.1
Project("{9A19103F-16F7-4668-BE54-9A1E7A4F7556}") = "IdentityCardInformationExtractor", "IdentityCardInformationExtractor.csproj", "{CDF0B49F-5003-44A5-B158-1942E68D0209}"
EndProject
Global
	GlobalSection(SolutionConfigurationPlatforms) = preSolution
		Debug|Any CPU = Debug|Any CPU
		Release|Any CPU = Release|Any CPU
	EndGlobalSection
	GlobalSection(ProjectConfigurationPlatforms) = postSolution
		{CDF0B49F-5003-44A5-B158-1942E68D0209}.Debug|Any CPU.ActiveCfg = Debug|Any CPU
		{CDF0B49F-5003-44A5-B158-1942E68D0209}.Debug|Any CPU.Build.0 = Debug|Any CPU
		{CDF0B49F-5003-44A5-B158-1942E68D0209}.Release|Any CPU.ActiveCfg = Release|Any CPU
		{CDF0B49F-5003-44A5-B158-1942E68D0209}.Release|Any CPU.Build.0 = Release|Any CPU
	EndGlobalSection
	GlobalSection(SolutionProperties) = preSolution
		HideSolutionNode = FALSE
	EndGlobalSection
	GlobalSection(ExtensibilityGlobals) = postSolution
		SolutionGuid = {A1FDF891-02BB-4B62-8669-9A5BE72F63B5}
	EndGlobalSection
EndGlobal
