
Microsoft Visual Studio Solution File, Format Version 12.00
# Visual Studio Version 16
VisualStudioVersion = 16.0.29409.12
MinimumVisualStudioVersion = 10.0.40219.1
Project("{9A19103F-16F7-4668-BE54-9A1E7A4F7556}") = "IdentityCardInformationExtractor", "OCR_ID_Card\IdentityCardInformationExtractor.csproj", "{19AE2D87-63FD-4158-AE84-DC2FD19E781E}"
EndProject
Global
	GlobalSection(SolutionConfigurationPlatforms) = preSolution
		Debug|Any CPU = Debug|Any CPU
		Release|Any CPU = Release|Any CPU
	EndGlobalSection
	GlobalSection(ProjectConfigurationPlatforms) = postSolution
		{19AE2D87-63FD-4158-AE84-DC2FD19E781E}.Debug|Any CPU.ActiveCfg = Debug|Any CPU
		{19AE2D87-63FD-4158-AE84-DC2FD19E781E}.Debug|Any CPU.Build.0 = Debug|Any CPU
		{19AE2D87-63FD-4158-AE84-DC2FD19E781E}.Release|Any CPU.ActiveCfg = Release|Any CPU
		{19AE2D87-63FD-4158-AE84-DC2FD19E781E}.Release|Any CPU.Build.0 = Release|Any CPU
	EndGlobalSection
	GlobalSection(SolutionProperties) = preSolution
		HideSolutionNode = FALSE
	EndGlobalSection
	GlobalSection(ExtensibilityGlobals) = postSolution
		SolutionGuid = {D3743C44-9437-4D43-8A6B-34856B2DADBF}
	EndGlobalSection
EndGlobal
